github.com/Asphaltt/lpmtrie v0.0.0-20220205153150-3d814250b8ab h1:hzN25CB5VzeKk3/c1fi1oT03N+5365nVOMPAxixkADY=
github.com/Asphaltt/lpmtrie v0.0.0-20220205153150-3d814250b8ab/go.mod h1:TdNTLzn3VVXKfmHAULK5gY+h/A1gLQ8NnwLB6cSN54g=
github.com/aclements/go-moremath v0.0.0-20210112150236-f10218a38794 h1:xlwdaKcTNVW4PtpQb8aKA4Pjy0CdJHEqvFbAnvR5m2g=
github.com/aclements/go-moremath v0.0.0-20210112150236-f10218a38794/go.mod h1:7e+I0LQFUI9AXWxOfsQROs9xPhoJtbsyWcjJqDd4KPY=
github.com/aromatt/netipds v0.1.8 h1:UoGFEYr8uUaZGt/3LdcEIo2C0Skg0vZBf9V+2h0Ulhk=
github.com/aromatt/netipds v0.1.8/go.mod h1:TVWwAV/IghERh+218SzJz1DfixOswt5/BhiOAUs99Hc=
github.com/davecgh/go-spew v1.1.0 h1:ZDRjVQ15GmhC3fiQ8ni8+OwkZQO4DARzQgrnXU1Liz8=
github.com/davecgh/go-spew v1.1.0/go.mod h1:J7Y8YcW2NihsgmVo/mv3lAwl/skON4iLHjSsI+c5H38=
github.com/gaissmai/bart v0.18.0 h1:jQLBT/RduJu0pv/tLwXE+xKPgtWJejbxuXAR+wLJafo=
github.com/gaissmai/bart v0.18.0/go.mod h1:JJzMAhNF5Rjo4SF4jWBrANuJfqY+FvsFhW7t1UZJ+XY=
github.com/gaissmai/bart v0.18.1 h1:bX2j560JC1MJpoEDevBGvXL5OZ1mkls320Vl8Igb5QQ=
github.com/gaissmai/bart v0.18.1/go.mod h1:JJzMAhNF5Rjo4SF4jWBrANuJfqY+FvsFhW7t1UZJ+XY=
github.com/gaissmai/bart v0.19.0 h1:B92fN69RNKgkuSu5JyDSG70Z8WQQBkoBI3GV1u+tVrU=
github.com/gaissmai/bart v0.19.0/go.mod h1:JJzMAhNF5Rjo4SF4jWBrANuJfqY+FvsFhW7t1UZJ+XY=
github.com/gaissmai/cidrtree v0.5.0 h1:noZ73FM38fRV5Uw28jTcKRTHX/84ylEMT87sVuFqt1Y=
github.com/gaissmai/cidrtree v0.5.0/go.mod h1:7snMgBXDWPq7v67RtDmGqOt6i4HGEhvFBIbg9nUiQ5k=
github.com/gaissmai/extnetip v1.1.0 h1:ZWEPVPUtw1o//CWh69/Eo79gWEKVYB1STrJjpTR4Q7E=
github.com/gaissmai/extnetip v1.1.0/go.mod h1:Ad+qyjy0r98Uc655JzzWoBTzDW29QR4YZDxzHgqhuqM=
github.com/google/go-cmp v0.6.0 h1:ofyhxvXcZhMsU5ulbFiLKl/XBFqE1GSq7atu8tAmTRI=
github.com/google/go-cmp v0.6.0/go.mod h1:17dUlkBOakJ0+DkrSSNjCkIjxS6bF9zb3elmeNGIjoY=
github.com/k-sone/critbitgo v1.4.0 h1:l71cTyBGeh6X5ATh6Fibgw3+rtNT80BA0uNNWgkPrbE=
github.com/k-sone/critbitgo v1.4.0/go.mod h1:7E6pyoyADnFxlUBEKcnfS49b7SUAQGMK+OAp/UQvo0s=
github.com/pmezard/go-difflib v1.0.0 h1:4DBwDE0NGyQoBHbLQYPwSUPoCMWR5BEzIk/f1lZbAQM=
github.com/pmezard/go-difflib v1.0.0/go.mod h1:iKH77koFhYxTK1pcRnkKkqfTogsbg7gZNVY4sRDYZ/4=
github.com/stretchr/objx v0.1.0/go.mod h1:HFkY916IF+rwdDfMAkV7OtwuqBVzrE8GR6GFx+wExME=
github.com/stretchr/testify v1.4.0 h1:2E4SXV/wtOkTonXsotYi4li6zVWxYlZuYNCXe9XRJyk=
github.com/stretchr/testify v1.4.0/go.mod h1:j7eGeouHqKxXV5pUuKE4zz7dFj8WfuZ+81PSLYec5m4=
github.com/tailscale/art v0.0.0-20231101034115-3827a3c782e9 h1:0jZYJEIxi+gRFUVhTEugH5GWC3muM3At60Pbvgx6EDU=
github.com/tailscale/art v0.0.0-20231101034115-3827a3c782e9/go.mod h1:vqKZQktbl+AhzNtqxc7rSm6t+lvuHd729sHSw/ElykI=
github.com/yl2chen/cidranger v1.0.2 h1:lbOWZVCG1tCRX4u24kuM1Tb4nHqWkDxwLdoS+SevawU=
github.com/yl2chen/cidranger v1.0.2/go.mod h1:9U1yz7WPYDwf0vpNWFaeRh0bjwz5RVgRy/9UEQfHl0g=
golang.org/x/perf v0.0.0-20250210164336-884df5810d28 h1:qf30QczstSuZOhoOeQ2pMe665nSxygR9oF04uVgtek4=
golang.org/x/perf v0.0.0-20250210164336-884df5810d28/go.mod h1:1RNgVBEvoPEzE+/JNOsrJ+jjnFbzwp1wbnz+wPN1Qh0=
gopkg.in/check.v1 v0.0.0-20161208181325-20d25e280405/go.mod h1:Co6ibVJAznAaIkqp8huTwlJQCZ016jof/cbN4VW5Yz0=
gopkg.in/yaml.v2 v2.2.2 h1:ZCJp+EgiOT7lHqUV2J862kp8Qj64Jo6az82+3Td9dZw=
gopkg.in/yaml.v2 v2.2.2/go.mod h1:hI93XBmqTisBFMUTm0b8Fm+jr3Dg1NNxqwp+5A1VGuI=
