github.com/Asphaltt/lpmtrie v0.0.0-20220205153150-3d814250b8ab h1:hzN25CB5VzeKk3/c1fi1oT03N+5365nVOMPAxixkADY=
github.com/Asphaltt/lpmtrie v0.0.0-20220205153150-3d814250b8ab/go.mod h1:TdNTLzn3VVXKfmHAULK5gY+h/A1gLQ8NnwLB6cSN54g=
github.com/aclements/go-moremath v0.0.0-20210112150236-f10218a38794 h1:xlwdaKcTNVW4PtpQb8aKA4Pjy0CdJHEqvFbAnvR5m2g=
github.com/aclements/go-moremath v0.0.0-20210112150236-f10218a38794/go.mod h1:7e+I0LQFUI9AXWxOfsQROs9xPhoJtbsyWcjJqDd4KPY=
github.com/aromatt/netipds v0.1.9 h1:VmbfQDMwFZFrRP0PWl3xw/+22MU31T/rqxIrROqda2Q=
github.com/aromatt/netipds v0.1.9/go.mod h1:495wZM0W/P9zQ/QpbEhNxR54H/7I0w7WDZhmX9kRkjM=
github.com/davecgh/go-spew v1.1.0/go.mod h1:J7Y8YcW2NihsgmVo/mv3lAwl/skON4iLHjSsI+c5H38=
github.com/davecgh/go-spew v1.1.1 h1:vj9j/u1bqnvCEfJOwUhtlOARqs3+rkHYY13jYWTU97c=
github.com/davecgh/go-spew v1.1.1/go.mod h1:J7Y8YcW2NihsgmVo/mv3lAwl/skON4iLHjSsI+c5H38=
github.com/gaissmai/bart v0.20.4 h1:Ik47r1fy3jRVU+1eYzKSW3ho2UgBVTVnUS8O993584U=
github.com/gaissmai/bart v0.20.4/go.mod h1:cEed+ge8dalcbpi8wtS9x9m2hn/fNJH5suhdGQOHnYk=
github.com/gaissmai/cidrtree v0.5.0 h1:noZ73FM38fRV5Uw28jTcKRTHX/84ylEMT87sVuFqt1Y=
github.com/gaissmai/cidrtree v0.5.0/go.mod h1:7snMgBXDWPq7v67RtDmGqOt6i4HGEhvFBIbg9nUiQ5k=
github.com/gaissmai/extnetip v1.1.0 h1:ZWEPVPUtw1o//CWh69/Eo79gWEKVYB1STrJjpTR4Q7E=
github.com/gaissmai/extnetip v1.1.0/go.mod h1:Ad+qyjy0r98Uc655JzzWoBTzDW29QR4YZDxzHgqhuqM=
github.com/google/go-cmp v0.6.0 h1:ofyhxvXcZhMsU5ulbFiLKl/XBFqE1GSq7atu8tAmTRI=
github.com/google/go-cmp v0.6.0/go.mod h1:17dUlkBOakJ0+DkrSSNjCkIjxS6bF9zb3elmeNGIjoY=
github.com/k-sone/critbitgo v1.4.0 h1:l71cTyBGeh6X5ATh6Fibgw3+rtNT80BA0uNNWgkPrbE=
github.com/k-sone/critbitgo v1.4.0/go.mod h1:7E6pyoyADnFxlUBEKcnfS49b7SUAQGMK+OAp/UQvo0s=
github.com/kentik/patricia v1.2.1 h1:+ZyPXnEiFLbmT1yZR0JRfRUuNXmxROXdzI8YiSpTx5w=
github.com/kentik/patricia v1.2.1/go.mod h1:6jY40ESetsbfi04/S12iJlsiS6DYL2B2W+WAcqoDHtw=
github.com/phemmer/go-iptrie v0.0.0-20240326174613-ba542f5282c9 h1:C8IqpV7kfAyZDRCnAVNi//l1mWlpyPmq1N6DjVvYEnY=
github.com/phemmer/go-iptrie v0.0.0-20240326174613-ba542f5282c9/go.mod h1:dDLiSjNqdp8VjphLdGTx19OeAUsHOzhtc1FFJqpzWMU=
github.com/pmezard/go-difflib v1.0.0 h1:4DBwDE0NGyQoBHbLQYPwSUPoCMWR5BEzIk/f1lZbAQM=
github.com/pmezard/go-difflib v1.0.0/go.mod h1:iKH77koFhYxTK1pcRnkKkqfTogsbg7gZNVY4sRDYZ/4=
github.com/stretchr/objx v0.1.0/go.mod h1:HFkY916IF+rwdDfMAkV7OtwuqBVzrE8GR6GFx+wExME=
github.com/stretchr/testify v1.4.0/go.mod h1:j7eGeouHqKxXV5pUuKE4zz7dFj8WfuZ+81PSLYec5m4=
github.com/stretchr/testify v1.9.0 h1:HtqpIVDClZ4nwg75+f6Lvsy/wHu+3BoSGCbBAcpTsTg=
github.com/stretchr/testify v1.9.0/go.mod h1:r2ic/lqez/lEtzL7wO/rwa5dbSLXVDPFyf8C91i36aY=
github.com/tailscale/art v0.0.0-20231101034115-3827a3c782e9 h1:0jZYJEIxi+gRFUVhTEugH5GWC3muM3At60Pbvgx6EDU=
github.com/tailscale/art v0.0.0-20231101034115-3827a3c782e9/go.mod h1:vqKZQktbl+AhzNtqxc7rSm6t+lvuHd729sHSw/ElykI=
github.com/yl2chen/cidranger v1.0.2 h1:lbOWZVCG1tCRX4u24kuM1Tb4nHqWkDxwLdoS+SevawU=
github.com/yl2chen/cidranger v1.0.2/go.mod h1:9U1yz7WPYDwf0vpNWFaeRh0bjwz5RVgRy/9UEQfHl0g=
golang.org/x/perf v0.0.0-20250210164336-884df5810d28 h1:qf30QczstSuZOhoOeQ2pMe665nSxygR9oF04uVgtek4=
golang.org/x/perf v0.0.0-20250210164336-884df5810d28/go.mod h1:1RNgVBEvoPEzE+/JNOsrJ+jjnFbzwp1wbnz+wPN1Qh0=
gopkg.in/check.v1 v0.0.0-20161208181325-20d25e280405/go.mod h1:Co6ibVJAznAaIkqp8huTwlJQCZ016jof/cbN4VW5Yz0=
gopkg.in/yaml.v2 v2.2.2/go.mod h1:hI93XBmqTisBFMUTm0b8Fm+jr3Dg1NNxqwp+5A1VGuI=
gopkg.in/yaml.v3 v3.0.1 h1:fxVm/GzAzEWqLHuvctI91KS9hhNmmWOoWu0XTYJS7CA=
gopkg.in/yaml.v3 v3.0.1/go.mod h1:K4uyk7z7BCEPqu6E+C64Yfv1cQ7kz7rIZviUmN+EgEM=
